
Microsoft Visual Studio Solution File, Format Version 12.00
# Visual Studio Version 16
VisualStudioVersion = 16.0.29020.237
MinimumVisualStudioVersion = 10.0.40219.1
Project("{FAE04EC0-301F-11D3-BF4B-00C04F79EFBC}") = "Kalkulacka", "Kalkulacka\Kalkulacka.csproj", "{2738294F-C20D-489E-B08A-52ADDA2BE657}"
EndProject
Global
	GlobalSection(SolutionConfigurationPlatforms) = preSolution
		Debug|Any CPU = Debug|Any CPU
		Release|Any CPU = Release|Any CPU
	EndGlobalSection
	GlobalSection(ProjectConfigurationPlatforms) = postSolution
		{2738294F-C20D-489E-B08A-52ADDA2BE657}.Debug|Any CPU.ActiveCfg = Debug|Any CPU
		{2738294F-C20D-489E-B08A-52ADDA2BE657}.Debug|Any CPU.Build.0 = Debug|Any CPU
		{2738294F-C20D-489E-B08A-52ADDA2BE657}.Release|Any CPU.ActiveCfg = Release|Any CPU
		{2738294F-C20D-489E-B08A-52ADDA2BE657}.Release|Any CPU.Build.0 = Release|Any CPU
	EndGlobalSection
	GlobalSection(SolutionProperties) = preSolution
		HideSolutionNode = FALSE
	EndGlobalSection
	GlobalSection(ExtensibilityGlobals) = postSolution
		SolutionGuid = {3A4554AF-2BBC-4FBE-9329-02BE05366C06}
	EndGlobalSection
EndGlobal
